
Microsoft Visual Studio Solution File, Format Version 12.00
# Visual Studio Version 17
VisualStudioVersion = 17.5.002.0
MinimumVisualStudioVersion = 10.0.40219.1
Project("{9A19103F-16F7-4668-BE54-9A1E7A4F7556}") = "program", "program.csproj", "{35C25C73-1CCC-4793-8E50-BB261D89F666}"
EndProject
Global
	GlobalSection(SolutionConfigurationPlatforms) = preSolution
		Debug|Any CPU = Debug|Any CPU
		Release|Any CPU = Release|Any CPU
	EndGlobalSection
	GlobalSection(ProjectConfigurationPlatforms) = postSolution
		{35C25C73-1CCC-4793-8E50-BB261D89F666}.Debug|Any CPU.ActiveCfg = Debug|Any CPU
		{35C25C73-1CCC-4793-8E50-BB261D89F666}.Debug|Any CPU.Build.0 = Debug|Any CPU
		{35C25C73-1CCC-4793-8E50-BB261D89F666}.Release|Any CPU.ActiveCfg = Release|Any CPU
		{35C25C73-1CCC-4793-8E50-BB261D89F666}.Release|Any CPU.Build.0 = Release|Any CPU
	EndGlobalSection
	GlobalSection(SolutionProperties) = preSolution
		HideSolutionNode = FALSE
	EndGlobalSection
	GlobalSection(ExtensibilityGlobals) = postSolution
		SolutionGuid = {28314187-0968-4BD0-92FE-334D69AE1724}
	EndGlobalSection
EndGlobal
